uuid: f2964876-6434-45c3-835b-223557549c97
langcode: en
status: true
dependencies:
  content:
    - 'block_content:featured_card:fea33b0b-5390-4b46-bd53-7dc3d40af0b8'
  module:
    - block_content
    - system
  theme:
    - motaded_theme
id: motaded_theme_featuredcardblock
theme: motaded_theme
region: sidebar_first
weight: -17
provider: null
plugin: 'block_content:fea33b0b-5390-4b46-bd53-7dc3d40af0b8'
settings:
  id: 'block_content:fea33b0b-5390-4b46-bd53-7dc3d40af0b8'
  label: 'Featured Card Block'
  label_display: '0'
  provider: block_content
  status: true
  info: ''
  view_mode: full
visibility:
  request_path:
    id: request_path
    negate: false
    pages: '<front>'
